
Microsoft Visual Studio Solution File, Format Version 12.00
# Visual Studio Version 16
VisualStudioVersion = 16.0.31911.196
MinimumVisualStudioVersion = 10.0.40219.1
Project("{9A19103F-16F7-4668-BE54-9A1E7A4F7556}") = "ShaggysAddonRaces", "ShaggysAddonRaces.csproj", "{05A6E3DF-EC6A-46B1-9F33-69445E7B25F5}"
EndProject
Global
	GlobalSection(SolutionConfigurationPlatforms) = preSolution
		Debug|Any CPU = Debug|Any CPU
		Release|Any CPU = Release|Any CPU
	EndGlobalSection
	GlobalSection(ProjectConfigurationPlatforms) = postSolution
		{05A6E3DF-EC6A-46B1-9F33-69445E7B25F5}.Debug|Any CPU.ActiveCfg = Debug|Any CPU
		{05A6E3DF-EC6A-46B1-9F33-69445E7B25F5}.Debug|Any CPU.Build.0 = Debug|Any CPU
		{05A6E3DF-EC6A-46B1-9F33-69445E7B25F5}.Release|Any CPU.ActiveCfg = Release|Any CPU
		{05A6E3DF-EC6A-46B1-9F33-69445E7B25F5}.Release|Any CPU.Build.0 = Release|Any CPU
	EndGlobalSection
	GlobalSection(SolutionProperties) = preSolution
		HideSolutionNode = FALSE
	EndGlobalSection
	GlobalSection(ExtensibilityGlobals) = postSolution
		SolutionGuid = {E16BA2D5-6EEA-4B4F-BED7-81B6CA342943}
	EndGlobalSection
EndGlobal
